
Microsoft Visual Studio Solution File, Format Version 12.00
# Visual Studio Version 17
VisualStudioVersion = 17.3.32825.248
MinimumVisualStudioVersion = 10.0.40219.1
Project("{FAE04EC0-301F-11D3-BF4B-00C04F79EFBC}") = "While_Loop_Repetition_20_Sept", "While_Loop_Repetition_20_Sept\While_Loop_Repetition_20_Sept.csproj", "{69E04AEC-4571-4506-A339-162B7514A489}"
EndProject
Global
	GlobalSection(SolutionConfigurationPlatforms) = preSolution
		Debug|Any CPU = Debug|Any CPU
		Release|Any CPU = Release|Any CPU
	EndGlobalSection
	GlobalSection(ProjectConfigurationPlatforms) = postSolution
		{69E04AEC-4571-4506-A339-162B7514A489}.Debug|Any CPU.ActiveCfg = Debug|Any CPU
		{69E04AEC-4571-4506-A339-162B7514A489}.Debug|Any CPU.Build.0 = Debug|Any CPU
		{69E04AEC-4571-4506-A339-162B7514A489}.Release|Any CPU.ActiveCfg = Release|Any CPU
		{69E04AEC-4571-4506-A339-162B7514A489}.Release|Any CPU.Build.0 = Release|Any CPU
	EndGlobalSection
	GlobalSection(SolutionProperties) = preSolution
		HideSolutionNode = FALSE
	EndGlobalSection
	GlobalSection(ExtensibilityGlobals) = postSolution
		SolutionGuid = {CC827E11-2949-4441-93B8-8C5972583C48}
	EndGlobalSection
EndGlobal
